
Microsoft Visual Studio Solution File, Format Version 12.00
# Visual Studio Version 17
VisualStudioVersion = 17.4.33103.184
MinimumVisualStudioVersion = 10.0.40219.1
Project("{FAE04EC0-301F-11D3-BF4B-00C04F79EFBC}") = "Asp_Net", "Asp_Net\Asp_Net.csproj", "{3633E9F5-E1A5-49DD-98AD-ED2CD3798DC9}"
EndProject
Project("{FAE04EC0-301F-11D3-BF4B-00C04F79EFBC}") = "EntityLayer", "EntityLayer\EntityLayer.csproj", "{F60256CB-2AAF-4AD1-9D34-0E0AFC509C08}"
EndProject
Project("{FAE04EC0-301F-11D3-BF4B-00C04F79EFBC}") = "DataAccessLayer", "DataAccessLayer\DataAccessLayer.csproj", "{4E4A6D81-E245-4B48-8ABF-12D5B858778D}"
EndProject
Project("{FAE04EC0-301F-11D3-BF4B-00C04F79EFBC}") = "BusinessLayer", "BusinessLayer\BusinessLayer.csproj", "{9709CFCC-D963-4BA7-B4E4-D6FF40FB91C2}"
EndProject
Project("{FAE04EC0-301F-11D3-BF4B-00C04F79EFBC}") = "CoreLayer", "CoreLayer\CoreLayer.csproj", "{B2F84959-A0B8-471A-87D8-DDD84FC0F0DF}"
EndProject
Global
	GlobalSection(SolutionConfigurationPlatforms) = preSolution
		Debug|Any CPU = Debug|Any CPU
		Release|Any CPU = Release|Any CPU
	EndGlobalSection
	GlobalSection(ProjectConfigurationPlatforms) = postSolution
		{3633E9F5-E1A5-49DD-98AD-ED2CD3798DC9}.Debug|Any CPU.ActiveCfg = Debug|Any CPU
		{3633E9F5-E1A5-49DD-98AD-ED2CD3798DC9}.Debug|Any CPU.Build.0 = Debug|Any CPU
		{3633E9F5-E1A5-49DD-98AD-ED2CD3798DC9}.Release|Any CPU.ActiveCfg = Release|Any CPU
		{3633E9F5-E1A5-49DD-98AD-ED2CD3798DC9}.Release|Any CPU.Build.0 = Release|Any CPU
		{F60256CB-2AAF-4AD1-9D34-0E0AFC509C08}.Debug|Any CPU.ActiveCfg = Debug|Any CPU
		{F60256CB-2AAF-4AD1-9D34-0E0AFC509C08}.Debug|Any CPU.Build.0 = Debug|Any CPU
		{F60256CB-2AAF-4AD1-9D34-0E0AFC509C08}.Release|Any CPU.ActiveCfg = Release|Any CPU
		{F60256CB-2AAF-4AD1-9D34-0E0AFC509C08}.Release|Any CPU.Build.0 = Release|Any CPU
		{4E4A6D81-E245-4B48-8ABF-12D5B858778D}.Debug|Any CPU.ActiveCfg = Debug|Any CPU
		{4E4A6D81-E245-4B48-8ABF-12D5B858778D}.Debug|Any CPU.Build.0 = Debug|Any CPU
		{4E4A6D81-E245-4B48-8ABF-12D5B858778D}.Release|Any CPU.ActiveCfg = Release|Any CPU
		{4E4A6D81-E245-4B48-8ABF-12D5B858778D}.Release|Any CPU.Build.0 = Release|Any CPU
		{9709CFCC-D963-4BA7-B4E4-D6FF40FB91C2}.Debug|Any CPU.ActiveCfg = Debug|Any CPU
		{9709CFCC-D963-4BA7-B4E4-D6FF40FB91C2}.Debug|Any CPU.Build.0 = Debug|Any CPU
		{9709CFCC-D963-4BA7-B4E4-D6FF40FB91C2}.Release|Any CPU.ActiveCfg = Release|Any CPU
		{9709CFCC-D963-4BA7-B4E4-D6FF40FB91C2}.Release|Any CPU.Build.0 = Release|Any CPU
		{B2F84959-A0B8-471A-87D8-DDD84FC0F0DF}.Debug|Any CPU.ActiveCfg = Debug|Any CPU
		{B2F84959-A0B8-471A-87D8-DDD84FC0F0DF}.Debug|Any CPU.Build.0 = Debug|Any CPU
		{B2F84959-A0B8-471A-87D8-DDD84FC0F0DF}.Release|Any CPU.ActiveCfg = Release|Any CPU
		{B2F84959-A0B8-471A-87D8-DDD84FC0F0DF}.Release|Any CPU.Build.0 = Release|Any CPU
	EndGlobalSection
	GlobalSection(SolutionProperties) = preSolution
		HideSolutionNode = FALSE
	EndGlobalSection
	GlobalSection(ExtensibilityGlobals) = postSolution
		SolutionGuid = {CD650522-46C1-4E87-8AA7-A745E61136DE}
	EndGlobalSection
EndGlobal
